
Microsoft Visual Studio Solution File, Format Version 12.00
# Visual Studio Version 17
VisualStudioVersion = 17.14.37516.0 d17.14
MinimumVisualStudioVersion = 10.0.40219.1
Project("{FAE04EC0-301F-11D3-BF4B-00C04F79EFBC}") = "HelpdeskAPI", "HelpdeskAPI.csproj", "{63B4923E-67DD-42EC-9CD0-5B3C1C604E24}"
EndProject
Project("{FAE04EC0-301F-11D3-BF4B-00C04F79EFBC}") = "HelpdeskAPIClient", "..\HelpdeskAPIClient\HelpdeskAPIClient.csproj", "{679E622A-B9E5-40FB-AD08-E3B26F636FD8}"
EndProject
Global
	GlobalSection(SolutionConfigurationPlatforms) = preSolution
		Debug|Any CPU = Debug|Any CPU
		Release|Any CPU = Release|Any CPU
	EndGlobalSection
	GlobalSection(ProjectConfigurationPlatforms) = postSolution
		{63B4923E-67DD-42EC-9CD0-5B3C1C604E24}.Debug|Any CPU.ActiveCfg = Debug|Any CPU
		{63B4923E-67DD-42EC-9CD0-5B3C1C604E24}.Debug|Any CPU.Build.0 = Debug|Any CPU
		{63B4923E-67DD-42EC-9CD0-5B3C1C604E24}.Release|Any CPU.ActiveCfg = Release|Any CPU
		{63B4923E-67DD-42EC-9CD0-5B3C1C604E24}.Release|Any CPU.Build.0 = Release|Any CPU
		{679E622A-B9E5-40FB-AD08-E3B26F636FD8}.Debug|Any CPU.ActiveCfg = Debug|Any CPU
		{679E622A-B9E5-40FB-AD08-E3B26F636FD8}.Debug|Any CPU.Build.0 = Debug|Any CPU
		{679E622A-B9E5-40FB-AD08-E3B26F636FD8}.Release|Any CPU.ActiveCfg = Release|Any CPU
		{679E622A-B9E5-40FB-AD08-E3B26F636FD8}.Release|Any CPU.Build.0 = Release|Any CPU
	EndGlobalSection
	GlobalSection(SolutionProperties) = preSolution
		HideSolutionNode = FALSE
	EndGlobalSection
	GlobalSection(ExtensibilityGlobals) = postSolution
		SolutionGuid = {99093F04-7F59-4FC0-B7A1-786135959020}
	EndGlobalSection
EndGlobal
